
Microsoft Visual Studio Solution File, Format Version 12.00
# Visual Studio Version 17
VisualStudioVersion = 17.14.36603.0 d17.14
MinimumVisualStudioVersion = 10.0.40219.1
Project("{FAE04EC0-301F-11D3-BF4B-00C04F79EFBC}") = "DigitalTwinPatientWeb", "DigitalTwinPatientWeb\DigitalTwinPatientWeb.csproj", "{9CF3D1B9-BCC6-45A5-9A52-600025DE1B6A}"
EndProject
Global
	GlobalSection(SolutionConfigurationPlatforms) = preSolution
		Debug|Any CPU = Debug|Any CPU
		Release|Any CPU = Release|Any CPU
	EndGlobalSection
	GlobalSection(ProjectConfigurationPlatforms) = postSolution
		{9CF3D1B9-BCC6-45A5-9A52-600025DE1B6A}.Debug|Any CPU.ActiveCfg = Debug|Any CPU
		{9CF3D1B9-BCC6-45A5-9A52-600025DE1B6A}.Debug|Any CPU.Build.0 = Debug|Any CPU
		{9CF3D1B9-BCC6-45A5-9A52-600025DE1B6A}.Release|Any CPU.ActiveCfg = Release|Any CPU
		{9CF3D1B9-BCC6-45A5-9A52-600025DE1B6A}.Release|Any CPU.Build.0 = Release|Any CPU
	EndGlobalSection
	GlobalSection(SolutionProperties) = preSolution
		HideSolutionNode = FALSE
	EndGlobalSection
	GlobalSection(ExtensibilityGlobals) = postSolution
		SolutionGuid = {2F6CD2FE-0BD5-4FA0-9833-6B4980E1D064}
	EndGlobalSection
EndGlobal
